
Microsoft Visual Studio Solution File, Format Version 12.00
# Visual Studio Version 17
VisualStudioVersion = 17.9.34902.65
MinimumVisualStudioVersion = 10.0.40219.1
Project("{FAE04EC0-301F-11D3-BF4B-00C04F79EFBC}") = "studying-c-sharp-mark-kotlobay", "studying-c-sharp-mark-kotlobay\studying-c-sharp-mark-kotlobay.csproj", "{D3136FC0-38BB-4348-99FB-C1708B4D5806}"
EndProject
Global
	GlobalSection(SolutionConfigurationPlatforms) = preSolution
		Debug|Any CPU = Debug|Any CPU
		Release|Any CPU = Release|Any CPU
	EndGlobalSection
	GlobalSection(ProjectConfigurationPlatforms) = postSolution
		{D3136FC0-38BB-4348-99FB-C1708B4D5806}.Debug|Any CPU.ActiveCfg = Debug|Any CPU
		{D3136FC0-38BB-4348-99FB-C1708B4D5806}.Debug|Any CPU.Build.0 = Debug|Any CPU
		{D3136FC0-38BB-4348-99FB-C1708B4D5806}.Release|Any CPU.ActiveCfg = Release|Any CPU
		{D3136FC0-38BB-4348-99FB-C1708B4D5806}.Release|Any CPU.Build.0 = Release|Any CPU
	EndGlobalSection
	GlobalSection(SolutionProperties) = preSolution
		HideSolutionNode = FALSE
	EndGlobalSection
	GlobalSection(ExtensibilityGlobals) = postSolution
		SolutionGuid = {65D85B33-1544-479C-B43C-465CCCA9D25E}
	EndGlobalSection
EndGlobal
